
Microsoft Visual Studio Solution File, Format Version 12.00
# Visual Studio 2012
Project("{F2A71F9B-5D33-465A-A702-920D77279786}") = "metatracker", "metatracker\metatracker.fsproj", "{BB18AA7D-E7B4-43E1-A889-1D9927C9FE19}"
EndProject
Global
	GlobalSection(SolutionConfigurationPlatforms) = preSolution
		Debug|Any CPU = Debug|Any CPU
		Release|Any CPU = Release|Any CPU
	EndGlobalSection
	GlobalSection(ProjectConfigurationPlatforms) = postSolution
		{BB18AA7D-E7B4-43E1-A889-1D9927C9FE19}.Debug|Any CPU.ActiveCfg = Debug|Any CPU
		{BB18AA7D-E7B4-43E1-A889-1D9927C9FE19}.Debug|Any CPU.Build.0 = Debug|Any CPU
		{BB18AA7D-E7B4-43E1-A889-1D9927C9FE19}.Release|Any CPU.ActiveCfg = Release|Any CPU
		{BB18AA7D-E7B4-43E1-A889-1D9927C9FE19}.Release|Any CPU.Build.0 = Release|Any CPU
	EndGlobalSection
	GlobalSection(SolutionProperties) = preSolution
		HideSolutionNode = FALSE
	EndGlobalSection
EndGlobal
